<?xml version="1.0" encoding="utf-8"?>
<Project ToolsVersion="4.0" xmlns="http://schemas.microsoft.com/developer/msbuild/2003">
  <ItemGroup>
    <Filter Include="Source Files">
      <UniqueIdentifier>{46ac6792-2c54-4480-bb79-4c6074db8903}</UniqueIdentifier>
      <Extensions>cpp;c;cxx;rc;def;r;odl;idl;hpj;bat</Extensions>
    </Filter>
    <Filter Include="Header Files">
      <UniqueIdentifier>{60695ce6-2efa-48b2-b91d-3e4154f1981a}</UniqueIdentifier>
      <Extensions>h;hpp;hxx;hm;inl</Extensions>
    </Filter>
    <Filter Include="Resource Files">
      <UniqueIdentifier>{a7f343a4-67a6-46fe-9f4a-71619ba59a0f}</UniqueIdentifier>
      <Extensions>ico;cur;bmp;dlg;rc2;rct;bin;rgs;gif;jpg;jpeg;jpe</Extensions>
    </Filter>
  </ItemGroup>
  <ItemGroup>
    <ClCompile Include="erisacvt.cpp">
      <Filter>Source Files</Filter>
    </ClCompile>
    <ClCompile Include="imgcontext.cpp">
      <Filter>Source Files</Filter>
    </ClCompile>
    <ClCompile Include="scriptapi.cpp">
      <Filter>Source Files</Filter>
    </ClCompile>
  </ItemGroup>
  <ItemGroup>
    <ResourceCompile Include="erisacvt.rc">
      <Filter>Source Files</Filter>
    </ResourceCompile>
  </ItemGroup>
  <ItemGroup>
    <ClInclude Include="erisacvt.h">
      <Filter>Header Files</Filter>
    </ClInclude>
  </ItemGroup>
  <ItemGroup>
    <Text Include="res\help.txt">
      <Filter>Resource Files</Filter>
    </Text>
    <Text Include="res\usage.txt">
      <Filter>Resource Files</Filter>
    </Text>
  </ItemGroup>
</Project>