
Microsoft Visual Studio Solution File, Format Version 12.00
# Visual Studio Version 17
VisualStudioVersion = 17.0.32014.148
MinimumVisualStudioVersion = 10.0.40219.1
Project("{8BC9CEB8-8B4A-11D0-8D11-00A0C91BC942}") = "C++20_Test", "C++20_Test\C++20_Test.vcxproj", "{6B12A512-A589-4F5B-9666-99975CA42121}"
EndProject
Global
	GlobalSection(SolutionConfigurationPlatforms) = preSolution
		Debug|x64 = Debug|x64
		Debug|x86 = Debug|x86
		Release|x64 = Release|x64
		Release|x86 = Release|x86
	EndGlobalSection
	GlobalSection(ProjectConfigurationPlatforms) = postSolution
		{6B12A512-A589-4F5B-9666-99975CA42121}.Debug|x64.ActiveCfg = Debug|x64
		{6B12A512-A589-4F5B-9666-99975CA42121}.Debug|x64.Build.0 = Debug|x64
		{6B12A512-A589-4F5B-9666-99975CA42121}.Debug|x86.ActiveCfg = Debug|Win32
		{6B12A512-A589-4F5B-9666-99975CA42121}.Debug|x86.Build.0 = Debug|Win32
		{6B12A512-A589-4F5B-9666-99975CA42121}.Release|x64.ActiveCfg = Release|x64
		{6B12A512-A589-4F5B-9666-99975CA42121}.Release|x64.Build.0 = Release|x64
		{6B12A512-A589-4F5B-9666-99975CA42121}.Release|x86.ActiveCfg = Release|Win32
		{6B12A512-A589-4F5B-9666-99975CA42121}.Release|x86.Build.0 = Release|Win32
	EndGlobalSection
	GlobalSection(SolutionProperties) = preSolution
		HideSolutionNode = FALSE
	EndGlobalSection
	GlobalSection(ExtensibilityGlobals) = postSolution
		SolutionGuid = {623A092D-9B00-4D1D-B67E-777D7636E8A2}
	EndGlobalSection
EndGlobal
