
Microsoft Visual Studio Solution File, Format Version 12.00
# Visual Studio Version 16
VisualStudioVersion = 16.0.30002.166
MinimumVisualStudioVersion = 10.0.40219.1
Project("{8BC9CEB8-8B4A-11D0-8D11-00A0C91BC942}") = "Dll2Aym", "Dll2Aym\Dll2Aym.vcxproj", "{2385DBD4-2C4C-484F-861D-641B4768EB6C}"
EndProject
Project("{8BC9CEB8-8B4A-11D0-8D11-00A0C91BC942}") = "AymLoader", "AymLoader\AymLoader.vcxproj", "{3F35FAD8-D40A-4F04-8CD3-8035448E7B63}"
EndProject
Global
	GlobalSection(SolutionConfigurationPlatforms) = preSolution
		Debug|x64 = Debug|x64
		Debug|x86 = Debug|x86
		Release|x64 = Release|x64
		Release|x86 = Release|x86
	EndGlobalSection
	GlobalSection(ProjectConfigurationPlatforms) = postSolution
		{2385DBD4-2C4C-484F-861D-641B4768EB6C}.Debug|x64.ActiveCfg = Debug|x64
		{2385DBD4-2C4C-484F-861D-641B4768EB6C}.Debug|x64.Build.0 = Debug|x64
		{2385DBD4-2C4C-484F-861D-641B4768EB6C}.Debug|x86.ActiveCfg = Debug|Win32
		{2385DBD4-2C4C-484F-861D-641B4768EB6C}.Debug|x86.Build.0 = Debug|Win32
		{2385DBD4-2C4C-484F-861D-641B4768EB6C}.Release|x64.ActiveCfg = Release|x64
		{2385DBD4-2C4C-484F-861D-641B4768EB6C}.Release|x64.Build.0 = Release|x64
		{2385DBD4-2C4C-484F-861D-641B4768EB6C}.Release|x86.ActiveCfg = Release|Win32
		{2385DBD4-2C4C-484F-861D-641B4768EB6C}.Release|x86.Build.0 = Release|Win32
		{3F35FAD8-D40A-4F04-8CD3-8035448E7B63}.Debug|x64.ActiveCfg = Debug|x64
		{3F35FAD8-D40A-4F04-8CD3-8035448E7B63}.Debug|x64.Build.0 = Debug|x64
		{3F35FAD8-D40A-4F04-8CD3-8035448E7B63}.Debug|x86.ActiveCfg = Debug|Win32
		{3F35FAD8-D40A-4F04-8CD3-8035448E7B63}.Debug|x86.Build.0 = Debug|Win32
		{3F35FAD8-D40A-4F04-8CD3-8035448E7B63}.Release|x64.ActiveCfg = Release|x64
		{3F35FAD8-D40A-4F04-8CD3-8035448E7B63}.Release|x64.Build.0 = Release|x64
		{3F35FAD8-D40A-4F04-8CD3-8035448E7B63}.Release|x86.ActiveCfg = Release|Win32
		{3F35FAD8-D40A-4F04-8CD3-8035448E7B63}.Release|x86.Build.0 = Release|Win32
	EndGlobalSection
	GlobalSection(SolutionProperties) = preSolution
		HideSolutionNode = FALSE
	EndGlobalSection
	GlobalSection(ExtensibilityGlobals) = postSolution
		SolutionGuid = {51D36C70-D34A-4BB7-AA7B-EED0C81A3A15}
	EndGlobalSection
EndGlobal
