
Microsoft Visual Studio Solution File, Format Version 12.00
# Visual Studio Version 16
VisualStudioVersion = 16.0.31129.286
MinimumVisualStudioVersion = 10.0.40219.1
Project("{FAE04EC0-301F-11D3-BF4B-00C04F79EFBC}") = "ASMTools", "ASMTools\ASMTools.csproj", "{7932EF86-2C1D-4928-ACF9-4BFCBD72A9E6}"
EndProject
Global
	GlobalSection(SolutionConfigurationPlatforms) = preSolution
		Debug|Any CPU = Debug|Any CPU
		Release|Any CPU = Release|Any CPU
	EndGlobalSection
	GlobalSection(ProjectConfigurationPlatforms) = postSolution
		{7932EF86-2C1D-4928-ACF9-4BFCBD72A9E6}.Debug|Any CPU.ActiveCfg = Debug|Any CPU
		{7932EF86-2C1D-4928-ACF9-4BFCBD72A9E6}.Debug|Any CPU.Build.0 = Debug|Any CPU
		{7932EF86-2C1D-4928-ACF9-4BFCBD72A9E6}.Release|Any CPU.ActiveCfg = Release|Any CPU
		{7932EF86-2C1D-4928-ACF9-4BFCBD72A9E6}.Release|Any CPU.Build.0 = Release|Any CPU
	EndGlobalSection
	GlobalSection(SolutionProperties) = preSolution
		HideSolutionNode = FALSE
	EndGlobalSection
	GlobalSection(ExtensibilityGlobals) = postSolution
		SolutionGuid = {B28D4372-C25F-49E8-82AB-0A562F3149B2}
	EndGlobalSection
EndGlobal
