github.com/regomne/eutil/codec v0.0.0-20210629022305-0392e03e7f5c h1:sSAUVINsJzJ7S4z79iDRZKRO1z3I84RULeQ20y9CoDs=
github.com/regomne/eutil/codec v0.0.0-20210629022305-0392e03e7f5c/go.mod h1:lxT1iKQehk0Mx7wPeJrhrx7DMoISsOYMCVkEIB/0wmE=
github.com/regomne/eutil/textFile v0.0.0-20210629022305-0392e03e7f5c h1:iQIAKto+ZEPn4jgRsgjq/psd1BBMsDcfL23BjmaecGE=
github.com/regomne/eutil/textFile v0.0.0-20210629022305-0392e03e7f5c/go.mod h1:MtEEL/nGH0yRnWM/HQfG9SI1kDbf1eCuTXbLtSM6/EU=
golang.org/x/text v0.3.7 h1:olpwvP2KacW1ZWvsR7uQhoyTYvKAupfQrRGBFM352Gk=
golang.org/x/text v0.3.7/go.mod h1:u+2+/6zg+i71rQMx5EYifcz6MCKuco9NR6JIITiCfzQ=
