
Microsoft Visual Studio Solution File, Format Version 12.00
# Visual Studio 2012
Project("{8BC9CEB8-8B4A-11D0-8D11-00A0C91BC942}") = "AVDHD", "AVDHD\AVDHD.vcxproj", "{CF2669A0-502D-433E-8479-9FB507F0DFB4}"
EndProject
Global
	GlobalSection(SolutionConfigurationPlatforms) = preSolution
		Debug|Win32 = Debug|Win32
		Release|Win32 = Release|Win32
	EndGlobalSection
	GlobalSection(ProjectConfigurationPlatforms) = postSolution
		{CF2669A0-502D-433E-8479-9FB507F0DFB4}.Debug|Win32.ActiveCfg = Debug|Win32
		{CF2669A0-502D-433E-8479-9FB507F0DFB4}.Debug|Win32.Build.0 = Debug|Win32
		{CF2669A0-502D-433E-8479-9FB507F0DFB4}.Release|Win32.ActiveCfg = Release|Win32
		{CF2669A0-502D-433E-8479-9FB507F0DFB4}.Release|Win32.Build.0 = Release|Win32
	EndGlobalSection
	GlobalSection(SolutionProperties) = preSolution
		HideSolutionNode = FALSE
	EndGlobalSection
EndGlobal
