
Microsoft Visual Studio Solution File, Format Version 12.00
# Visual Studio Version 16
VisualStudioVersion = 16.0.31019.35
MinimumVisualStudioVersion = 10.0.40219.1
Project("{8BC9CEB8-8B4A-11D0-8D11-00A0C91BC942}") = "Kisaku_cn", "Kisaku_cn\Kisaku_cn.vcxproj", "{17E08544-945B-44B7-A371-523D6EFF5ED0}"
EndProject
Global
	GlobalSection(SolutionConfigurationPlatforms) = preSolution
		Debug|x64 = Debug|x64
		Debug|x86 = Debug|x86
		Release|x64 = Release|x64
		Release|x86 = Release|x86
	EndGlobalSection
	GlobalSection(ProjectConfigurationPlatforms) = postSolution
		{17E08544-945B-44B7-A371-523D6EFF5ED0}.Debug|x64.ActiveCfg = Debug|x64
		{17E08544-945B-44B7-A371-523D6EFF5ED0}.Debug|x64.Build.0 = Debug|x64
		{17E08544-945B-44B7-A371-523D6EFF5ED0}.Debug|x86.ActiveCfg = Debug|Win32
		{17E08544-945B-44B7-A371-523D6EFF5ED0}.Debug|x86.Build.0 = Debug|Win32
		{17E08544-945B-44B7-A371-523D6EFF5ED0}.Release|x64.ActiveCfg = Release|x64
		{17E08544-945B-44B7-A371-523D6EFF5ED0}.Release|x64.Build.0 = Release|x64
		{17E08544-945B-44B7-A371-523D6EFF5ED0}.Release|x86.ActiveCfg = Release|Win32
		{17E08544-945B-44B7-A371-523D6EFF5ED0}.Release|x86.Build.0 = Release|Win32
	EndGlobalSection
	GlobalSection(SolutionProperties) = preSolution
		HideSolutionNode = FALSE
	EndGlobalSection
	GlobalSection(ExtensibilityGlobals) = postSolution
		SolutionGuid = {7A94C1A7-9226-447C-9573-E1F4186935A0}
	EndGlobalSection
EndGlobal
