
Microsoft Visual Studio Solution File, Format Version 12.00
# Visual Studio Version 16
VisualStudioVersion = 16.0.29728.190
MinimumVisualStudioVersion = 10.0.40219.1
Project("{8BC9CEB8-8B4A-11D0-8D11-00A0C91BC942}") = "aikotoba_cn", "aikotoba_cn\aikotoba_cn.vcxproj", "{6B47DBFD-2FD4-4D42-B50F-BA50E3A56BC9}"
EndProject
Global
	GlobalSection(SolutionConfigurationPlatforms) = preSolution
		Debug|x64 = Debug|x64
		Debug|x86 = Debug|x86
		Release|x64 = Release|x64
		Release|x86 = Release|x86
	EndGlobalSection
	GlobalSection(ProjectConfigurationPlatforms) = postSolution
		{6B47DBFD-2FD4-4D42-B50F-BA50E3A56BC9}.Debug|x64.ActiveCfg = Debug|x64
		{6B47DBFD-2FD4-4D42-B50F-BA50E3A56BC9}.Debug|x64.Build.0 = Debug|x64
		{6B47DBFD-2FD4-4D42-B50F-BA50E3A56BC9}.Debug|x86.ActiveCfg = Debug|Win32
		{6B47DBFD-2FD4-4D42-B50F-BA50E3A56BC9}.Debug|x86.Build.0 = Debug|Win32
		{6B47DBFD-2FD4-4D42-B50F-BA50E3A56BC9}.Release|x64.ActiveCfg = Release|x64
		{6B47DBFD-2FD4-4D42-B50F-BA50E3A56BC9}.Release|x64.Build.0 = Release|x64
		{6B47DBFD-2FD4-4D42-B50F-BA50E3A56BC9}.Release|x86.ActiveCfg = Release|Win32
		{6B47DBFD-2FD4-4D42-B50F-BA50E3A56BC9}.Release|x86.Build.0 = Release|Win32
	EndGlobalSection
	GlobalSection(SolutionProperties) = preSolution
		HideSolutionNode = FALSE
	EndGlobalSection
	GlobalSection(ExtensibilityGlobals) = postSolution
		SolutionGuid = {7C71B71C-9858-4AB6-AF15-E0885C4756BB}
	EndGlobalSection
EndGlobal
