
Microsoft Visual Studio Solution File, Format Version 12.00
# Blend for Visual Studio 15
VisualStudioVersion = 15.0.28307.572
MinimumVisualStudioVersion = 10.0.40219.1
Project("{8BC9CEB8-8B4A-11D0-8D11-00A0C91BC942}") = "AZ_cn", "AZ_cn\AZ_cn.vcxproj", "{A8740F18-9A14-43DD-AE0D-569AEAF4009E}"
EndProject
Project("{8BC9CEB8-8B4A-11D0-8D11-00A0C91BC942}") = "Loader", "Loader\Loader.vcxproj", "{CC73C925-13F7-4024-9F65-7E1DE8FA1F8B}"
EndProject
Global
	GlobalSection(SolutionConfigurationPlatforms) = preSolution
		Debug|x64 = Debug|x64
		Debug|x86 = Debug|x86
		Release|x64 = Release|x64
		Release|x86 = Release|x86
	EndGlobalSection
	GlobalSection(ProjectConfigurationPlatforms) = postSolution
		{A8740F18-9A14-43DD-AE0D-569AEAF4009E}.Debug|x64.ActiveCfg = Debug|x64
		{A8740F18-9A14-43DD-AE0D-569AEAF4009E}.Debug|x64.Build.0 = Debug|x64
		{A8740F18-9A14-43DD-AE0D-569AEAF4009E}.Debug|x86.ActiveCfg = Debug|Win32
		{A8740F18-9A14-43DD-AE0D-569AEAF4009E}.Debug|x86.Build.0 = Debug|Win32
		{A8740F18-9A14-43DD-AE0D-569AEAF4009E}.Release|x64.ActiveCfg = Release|x64
		{A8740F18-9A14-43DD-AE0D-569AEAF4009E}.Release|x64.Build.0 = Release|x64
		{A8740F18-9A14-43DD-AE0D-569AEAF4009E}.Release|x86.ActiveCfg = Release|Win32
		{A8740F18-9A14-43DD-AE0D-569AEAF4009E}.Release|x86.Build.0 = Release|Win32
		{CC73C925-13F7-4024-9F65-7E1DE8FA1F8B}.Debug|x64.ActiveCfg = Debug|Win32
		{CC73C925-13F7-4024-9F65-7E1DE8FA1F8B}.Debug|x86.ActiveCfg = Debug|Win32
		{CC73C925-13F7-4024-9F65-7E1DE8FA1F8B}.Debug|x86.Build.0 = Debug|Win32
		{CC73C925-13F7-4024-9F65-7E1DE8FA1F8B}.Release|x64.ActiveCfg = Release|Win32
		{CC73C925-13F7-4024-9F65-7E1DE8FA1F8B}.Release|x86.ActiveCfg = Release|Win32
		{CC73C925-13F7-4024-9F65-7E1DE8FA1F8B}.Release|x86.Build.0 = Release|Win32
	EndGlobalSection
	GlobalSection(SolutionProperties) = preSolution
		HideSolutionNode = FALSE
	EndGlobalSection
	GlobalSection(ExtensibilityGlobals) = postSolution
		SolutionGuid = {D5F5D8E1-6995-48C8-AE8A-A32A96150FD9}
	EndGlobalSection
EndGlobal
