
Microsoft Visual Studio Solution File, Format Version 12.00
# Visual Studio Version 16
VisualStudioVersion = 16.0.31019.35
MinimumVisualStudioVersion = 10.0.40219.1
Project("{8BC9CEB8-8B4A-11D0-8D11-00A0C91BC942}") = "casablanca_cn", "casablanca_cn\casablanca_cn.vcxproj", "{52E43606-6CB0-4016-B64B-3469935E8A29}"
EndProject
Global
	GlobalSection(SolutionConfigurationPlatforms) = preSolution
		Debug|x64 = Debug|x64
		Debug|x86 = Debug|x86
		Release|x64 = Release|x64
		Release|x86 = Release|x86
	EndGlobalSection
	GlobalSection(ProjectConfigurationPlatforms) = postSolution
		{52E43606-6CB0-4016-B64B-3469935E8A29}.Debug|x64.ActiveCfg = Debug|x64
		{52E43606-6CB0-4016-B64B-3469935E8A29}.Debug|x64.Build.0 = Debug|x64
		{52E43606-6CB0-4016-B64B-3469935E8A29}.Debug|x86.ActiveCfg = Debug|Win32
		{52E43606-6CB0-4016-B64B-3469935E8A29}.Debug|x86.Build.0 = Debug|Win32
		{52E43606-6CB0-4016-B64B-3469935E8A29}.Release|x64.ActiveCfg = Release|x64
		{52E43606-6CB0-4016-B64B-3469935E8A29}.Release|x64.Build.0 = Release|x64
		{52E43606-6CB0-4016-B64B-3469935E8A29}.Release|x86.ActiveCfg = Release|Win32
		{52E43606-6CB0-4016-B64B-3469935E8A29}.Release|x86.Build.0 = Release|Win32
	EndGlobalSection
	GlobalSection(SolutionProperties) = preSolution
		HideSolutionNode = FALSE
	EndGlobalSection
	GlobalSection(ExtensibilityGlobals) = postSolution
		SolutionGuid = {75E4B967-CBA8-43D3-A0FB-F785BF616F1A}
	EndGlobalSection
EndGlobal
