
Microsoft Visual Studio Solution File, Format Version 12.00
# Visual Studio Version 16
VisualStudioVersion = 16.0.30002.166
MinimumVisualStudioVersion = 10.0.40219.1
Project("{8BC9CEB8-8B4A-11D0-8D11-00A0C91BC942}") = "extTXT", "extTXT\extTXT.vcxproj", "{65F8BBB4-DE78-4C57-ADCD-AEC365F86B9F}"
EndProject
Global
	GlobalSection(SolutionConfigurationPlatforms) = preSolution
		Debug|x64 = Debug|x64
		Debug|x86 = Debug|x86
		Release|x64 = Release|x64
		Release|x86 = Release|x86
	EndGlobalSection
	GlobalSection(ProjectConfigurationPlatforms) = postSolution
		{65F8BBB4-DE78-4C57-ADCD-AEC365F86B9F}.Debug|x64.ActiveCfg = Debug|x64
		{65F8BBB4-DE78-4C57-ADCD-AEC365F86B9F}.Debug|x64.Build.0 = Debug|x64
		{65F8BBB4-DE78-4C57-ADCD-AEC365F86B9F}.Debug|x86.ActiveCfg = Debug|Win32
		{65F8BBB4-DE78-4C57-ADCD-AEC365F86B9F}.Debug|x86.Build.0 = Debug|Win32
		{65F8BBB4-DE78-4C57-ADCD-AEC365F86B9F}.Release|x64.ActiveCfg = Release|x64
		{65F8BBB4-DE78-4C57-ADCD-AEC365F86B9F}.Release|x64.Build.0 = Release|x64
		{65F8BBB4-DE78-4C57-ADCD-AEC365F86B9F}.Release|x86.ActiveCfg = Release|Win32
		{65F8BBB4-DE78-4C57-ADCD-AEC365F86B9F}.Release|x86.Build.0 = Release|Win32
	EndGlobalSection
	GlobalSection(SolutionProperties) = preSolution
		HideSolutionNode = FALSE
	EndGlobalSection
	GlobalSection(ExtensibilityGlobals) = postSolution
		SolutionGuid = {0695DA84-9D6A-493E-A10E-EC47930B3038}
	EndGlobalSection
EndGlobal
