
Microsoft Visual Studio Solution File, Format Version 12.00
# Visual Studio Version 16
VisualStudioVersion = 16.0.31019.35
MinimumVisualStudioVersion = 10.0.40219.1
Project("{8BC9CEB8-8B4A-11D0-8D11-00A0C91BC942}") = "eden_cn", "eden_cn\eden_cn.vcxproj", "{53677910-868E-49F9-90E8-1540647F9146}"
EndProject
Global
	GlobalSection(SolutionConfigurationPlatforms) = preSolution
		Debug|x64 = Debug|x64
		Debug|x86 = Debug|x86
		Release|x64 = Release|x64
		Release|x86 = Release|x86
	EndGlobalSection
	GlobalSection(ProjectConfigurationPlatforms) = postSolution
		{53677910-868E-49F9-90E8-1540647F9146}.Debug|x64.ActiveCfg = Debug|x64
		{53677910-868E-49F9-90E8-1540647F9146}.Debug|x64.Build.0 = Debug|x64
		{53677910-868E-49F9-90E8-1540647F9146}.Debug|x86.ActiveCfg = Debug|Win32
		{53677910-868E-49F9-90E8-1540647F9146}.Debug|x86.Build.0 = Debug|Win32
		{53677910-868E-49F9-90E8-1540647F9146}.Release|x64.ActiveCfg = Release|x64
		{53677910-868E-49F9-90E8-1540647F9146}.Release|x64.Build.0 = Release|x64
		{53677910-868E-49F9-90E8-1540647F9146}.Release|x86.ActiveCfg = Release|Win32
		{53677910-868E-49F9-90E8-1540647F9146}.Release|x86.Build.0 = Release|Win32
	EndGlobalSection
	GlobalSection(SolutionProperties) = preSolution
		HideSolutionNode = FALSE
	EndGlobalSection
	GlobalSection(ExtensibilityGlobals) = postSolution
		SolutionGuid = {0C94661F-554C-47ED-BD90-70137C91D14B}
	EndGlobalSection
EndGlobal
