
Microsoft Visual Studio Solution File, Format Version 12.00
# Visual Studio Version 17
VisualStudioVersion = 17.2.32519.379
MinimumVisualStudioVersion = 10.0.40219.1
Project("{8BC9CEB8-8B4A-11D0-8D11-00A0C91BC942}") = "extSO4", "extSO4\extSO4.vcxproj", "{7F5F9734-8C13-48A9-838E-9FFD2B5261DE}"
EndProject
Global
	GlobalSection(SolutionConfigurationPlatforms) = preSolution
		Debug|x64 = Debug|x64
		Debug|x86 = Debug|x86
		Release|x64 = Release|x64
		Release|x86 = Release|x86
	EndGlobalSection
	GlobalSection(ProjectConfigurationPlatforms) = postSolution
		{7F5F9734-8C13-48A9-838E-9FFD2B5261DE}.Debug|x64.ActiveCfg = Debug|x64
		{7F5F9734-8C13-48A9-838E-9FFD2B5261DE}.Debug|x64.Build.0 = Debug|x64
		{7F5F9734-8C13-48A9-838E-9FFD2B5261DE}.Debug|x86.ActiveCfg = Debug|Win32
		{7F5F9734-8C13-48A9-838E-9FFD2B5261DE}.Debug|x86.Build.0 = Debug|Win32
		{7F5F9734-8C13-48A9-838E-9FFD2B5261DE}.Release|x64.ActiveCfg = Release|x64
		{7F5F9734-8C13-48A9-838E-9FFD2B5261DE}.Release|x64.Build.0 = Release|x64
		{7F5F9734-8C13-48A9-838E-9FFD2B5261DE}.Release|x86.ActiveCfg = Release|Win32
		{7F5F9734-8C13-48A9-838E-9FFD2B5261DE}.Release|x86.Build.0 = Release|Win32
	EndGlobalSection
	GlobalSection(SolutionProperties) = preSolution
		HideSolutionNode = FALSE
	EndGlobalSection
	GlobalSection(ExtensibilityGlobals) = postSolution
		SolutionGuid = {6A1EC81B-3EB4-4C59-89AC-C705243DB6F6}
	EndGlobalSection
EndGlobal
