
Microsoft Visual Studio Solution File, Format Version 12.00
# Visual Studio Version 16
VisualStudioVersion = 16.0.29102.190
MinimumVisualStudioVersion = 10.0.40219.1
Project("{8BC9CEB8-8B4A-11D0-8D11-00A0C91BC942}") = "Rurinokasane_cn", "Rurinokasane_cn\Rurinokasane_cn.vcxproj", "{2684444F-5287-4A8A-B63E-81D6484004FE}"
EndProject
Global
	GlobalSection(SolutionConfigurationPlatforms) = preSolution
		Debug|x64 = Debug|x64
		Debug|x86 = Debug|x86
		Release|x64 = Release|x64
		Release|x86 = Release|x86
	EndGlobalSection
	GlobalSection(ProjectConfigurationPlatforms) = postSolution
		{2684444F-5287-4A8A-B63E-81D6484004FE}.Debug|x64.ActiveCfg = Debug|x64
		{2684444F-5287-4A8A-B63E-81D6484004FE}.Debug|x64.Build.0 = Debug|x64
		{2684444F-5287-4A8A-B63E-81D6484004FE}.Debug|x86.ActiveCfg = Debug|Win32
		{2684444F-5287-4A8A-B63E-81D6484004FE}.Debug|x86.Build.0 = Debug|Win32
		{2684444F-5287-4A8A-B63E-81D6484004FE}.Release|x64.ActiveCfg = Release|x64
		{2684444F-5287-4A8A-B63E-81D6484004FE}.Release|x64.Build.0 = Release|x64
		{2684444F-5287-4A8A-B63E-81D6484004FE}.Release|x86.ActiveCfg = Release|Win32
		{2684444F-5287-4A8A-B63E-81D6484004FE}.Release|x86.Build.0 = Release|Win32
	EndGlobalSection
	GlobalSection(SolutionProperties) = preSolution
		HideSolutionNode = FALSE
	EndGlobalSection
	GlobalSection(ExtensibilityGlobals) = postSolution
		SolutionGuid = {8CA7C939-AB3A-4E51-9EC2-94B2F56C04B1}
	EndGlobalSection
EndGlobal
