
Microsoft Visual Studio Solution File, Format Version 12.00
# Visual Studio Version 17
VisualStudioVersion = 17.2.32519.379
MinimumVisualStudioVersion = 10.0.40219.1
Project("{8BC9CEB8-8B4A-11D0-8D11-00A0C91BC942}") = "VALKYRIA_Patch", "VALKYRIA_Patch\VALKYRIA_Patch.vcxproj", "{1CF2343C-A4A8-4109-87FA-13E5E56078BC}"
EndProject
Global
	GlobalSection(SolutionConfigurationPlatforms) = preSolution
		Debug|x64 = Debug|x64
		Debug|x86 = Debug|x86
		Release|x64 = Release|x64
		Release|x86 = Release|x86
	EndGlobalSection
	GlobalSection(ProjectConfigurationPlatforms) = postSolution
		{1CF2343C-A4A8-4109-87FA-13E5E56078BC}.Debug|x64.ActiveCfg = Debug|x64
		{1CF2343C-A4A8-4109-87FA-13E5E56078BC}.Debug|x64.Build.0 = Debug|x64
		{1CF2343C-A4A8-4109-87FA-13E5E56078BC}.Debug|x86.ActiveCfg = Debug|Win32
		{1CF2343C-A4A8-4109-87FA-13E5E56078BC}.Debug|x86.Build.0 = Debug|Win32
		{1CF2343C-A4A8-4109-87FA-13E5E56078BC}.Release|x64.ActiveCfg = Release|x64
		{1CF2343C-A4A8-4109-87FA-13E5E56078BC}.Release|x64.Build.0 = Release|x64
		{1CF2343C-A4A8-4109-87FA-13E5E56078BC}.Release|x86.ActiveCfg = Release|Win32
		{1CF2343C-A4A8-4109-87FA-13E5E56078BC}.Release|x86.Build.0 = Release|Win32
	EndGlobalSection
	GlobalSection(SolutionProperties) = preSolution
		HideSolutionNode = FALSE
	EndGlobalSection
	GlobalSection(ExtensibilityGlobals) = postSolution
		SolutionGuid = {AA434D82-E269-41AE-814A-58E3E08119A1}
	EndGlobalSection
EndGlobal
