github.com/regomne/eutil/codec v0.0.0-20210629022305-0392e03e7f5c h1:sSAUVINsJzJ7S4z79iDRZKRO1z3I84RULeQ20y9CoDs=
github.com/regomne/eutil/codec v0.0.0-20210629022305-0392e03e7f5c/go.mod h1:lxT1iKQehk0Mx7wPeJrhrx7DMoISsOYMCVkEIB/0wmE=
github.com/regomne/eutil/peHelper v0.0.0-20210629022305-0392e03e7f5c h1:G3/Dusya1J7LujDFo8BbNODzHpeEIG8XzWZhPGmSfxU=
github.com/regomne/eutil/peHelper v0.0.0-20210629022305-0392e03e7f5c/go.mod h1:hYdGUcgRe+Ri5LSV2cwm1AP2SOETxTjpK1EQO96gVEg=
golang.org/x/text v0.14.0 h1:ScX5w1eTa3QqT8oi6+ziP7dTV1S2+ALU0bI+0zXKWiQ=
golang.org/x/text v0.14.0/go.mod h1:18ZOQIKpY8NJVqYksKHtTdi31H5itFRjB5/qKTNYzSU=
