<?xml version="1.0" encoding="utf-8"?>
<Project ToolsVersion="4.0" xmlns="http://schemas.microsoft.com/developer/msbuild/2003">
  <ItemGroup>
    <Filter Include="ソース ファイル">
      <UniqueIdentifier>{4FC737F1-C7A5-4376-A066-2A32D752A2FF}</UniqueIdentifier>
      <Extensions>cpp;c;cc;cxx;def;odl;idl;hpj;bat;asm;asmx</Extensions>
    </Filter>
    <Filter Include="ヘッダー ファイル">
      <UniqueIdentifier>{93995380-89BD-4b04-88EB-625FBE52EBFB}</UniqueIdentifier>
      <Extensions>h;hpp;hxx;hm;inl;inc;xsd</Extensions>
    </Filter>
    <Filter Include="リソース ファイル">
      <UniqueIdentifier>{67DA6AB6-F800-4c08-8B7A-83BB121AAD01}</UniqueIdentifier>
      <Extensions>rc;ico;cur;bmp;dlg;rc2;rct;bin;rgs;gif;jpg;jpeg;jpe;resx;tiff;tif;png;wav</Extensions>
    </Filter>
  </ItemGroup>
  <ItemGroup>
    <ClCompile Include="src\adjustment.c">
      <Filter>ソース ファイル</Filter>
    </ClCompile>
    <ClCompile Include="src\bevel_emboss.c">
      <Filter>ソース ファイル</Filter>
    </ClCompile>
    <ClCompile Include="src\bitmap.c">
      <Filter>ソース ファイル</Filter>
    </ClCompile>
    <ClCompile Include="src\blend.c">
      <Filter>ソース ファイル</Filter>
    </ClCompile>
    <ClCompile Include="src\boundary.c">
      <Filter>ソース ファイル</Filter>
    </ClCompile>
    <ClCompile Include="src\brightness_contrast.c">
      <Filter>ソース ファイル</Filter>
    </ClCompile>
    <ClCompile Include="src\channel_image.c">
      <Filter>ソース ファイル</Filter>
    </ClCompile>
    <ClCompile Include="src\channel_mixer.c">
      <Filter>ソース ファイル</Filter>
    </ClCompile>
    <ClCompile Include="src\color.c">
      <Filter>ソース ファイル</Filter>
    </ClCompile>
    <ClCompile Include="src\color_balance.c">
      <Filter>ソース ファイル</Filter>
    </ClCompile>
    <ClCompile Include="src\color_mode.c">
      <Filter>ソース ファイル</Filter>
    </ClCompile>
    <ClCompile Include="src\color_overlay.c">
      <Filter>ソース ファイル</Filter>
    </ClCompile>
    <ClCompile Include="src\curves.c">
      <Filter>ソース ファイル</Filter>
    </ClCompile>
    <ClCompile Include="src\descriptor.c">
      <Filter>ソース ファイル</Filter>
    </ClCompile>
    <ClCompile Include="src\drop_shadow.c">
      <Filter>ソース ファイル</Filter>
    </ClCompile>
    <ClCompile Include="src\effects.c">
      <Filter>ソース ファイル</Filter>
    </ClCompile>
    <ClCompile Include="src\file_header.c">
      <Filter>ソース ファイル</Filter>
    </ClCompile>
    <ClCompile Include="src\fixed.c">
      <Filter>ソース ファイル</Filter>
    </ClCompile>
    <ClCompile Include="src\gaussian_blur.c">
      <Filter>ソース ファイル</Filter>
    </ClCompile>
    <ClCompile Include="src\gradient_blend.c">
      <Filter>ソース ファイル</Filter>
    </ClCompile>
    <ClCompile Include="src\gradient_fill.c">
      <Filter>ソース ファイル</Filter>
    </ClCompile>
    <ClCompile Include="src\gradient_map.c">
      <Filter>ソース ファイル</Filter>
    </ClCompile>
    <ClCompile Include="src\gradient_overlay.c">
      <Filter>ソース ファイル</Filter>
    </ClCompile>
    <ClCompile Include="src\hue_saturation.c">
      <Filter>ソース ファイル</Filter>
    </ClCompile>
    <ClCompile Include="src\image_data.c">
      <Filter>ソース ファイル</Filter>
    </ClCompile>
    <ClCompile Include="src\image_resource.c">
      <Filter>ソース ファイル</Filter>
    </ClCompile>
    <ClCompile Include="src\inner_glow.c">
      <Filter>ソース ファイル</Filter>
    </ClCompile>
    <ClCompile Include="src\inner_shadow.c">
      <Filter>ソース ファイル</Filter>
    </ClCompile>
    <ClCompile Include="src\invert.c">
      <Filter>ソース ファイル</Filter>
    </ClCompile>
    <ClCompile Include="src\layer_mask.c">
      <Filter>ソース ファイル</Filter>
    </ClCompile>
    <ClCompile Include="src\levels.c">
      <Filter>ソース ファイル</Filter>
    </ClCompile>
    <ClCompile Include="src\outer_glow.c">
      <Filter>ソース ファイル</Filter>
    </ClCompile>
    <ClCompile Include="src\path.c">
      <Filter>ソース ファイル</Filter>
    </ClCompile>
    <ClCompile Include="src\pattern.c">
      <Filter>ソース ファイル</Filter>
    </ClCompile>
    <ClCompile Include="src\pattern_fill.c">
      <Filter>ソース ファイル</Filter>
    </ClCompile>
    <ClCompile Include="src\pattern_overlay.c">
      <Filter>ソース ファイル</Filter>
    </ClCompile>
    <ClCompile Include="src\photo_filter.c">
      <Filter>ソース ファイル</Filter>
    </ClCompile>
    <ClCompile Include="src\posterize.c">
      <Filter>ソース ファイル</Filter>
    </ClCompile>
    <ClCompile Include="src\psd.c">
      <Filter>ソース ファイル</Filter>
    </ClCompile>
    <ClCompile Include="src\psd_system.cpp">
      <Filter>ソース ファイル</Filter>
    </ClCompile>
    <ClCompile Include="src\psd_zip.c">
      <Filter>ソース ファイル</Filter>
    </ClCompile>
    <ClCompile Include="src\rect.c">
      <Filter>ソース ファイル</Filter>
    </ClCompile>
    <ClCompile Include="src\satin.c">
      <Filter>ソース ファイル</Filter>
    </ClCompile>
    <ClCompile Include="src\selective_color.c">
      <Filter>ソース ファイル</Filter>
    </ClCompile>
    <ClCompile Include="src\solid_color.c">
      <Filter>ソース ファイル</Filter>
    </ClCompile>
    <ClCompile Include="src\stream.c">
      <Filter>ソース ファイル</Filter>
    </ClCompile>
    <ClCompile Include="src\string_resource.c">
      <Filter>ソース ファイル</Filter>
    </ClCompile>
    <ClCompile Include="src\stroke.c">
      <Filter>ソース ファイル</Filter>
    </ClCompile>
    <ClCompile Include="src\threshold.c">
      <Filter>ソース ファイル</Filter>
    </ClCompile>
    <ClCompile Include="src\thumbnail.c">
      <Filter>ソース ファイル</Filter>
    </ClCompile>
    <ClCompile Include="src\type_tool.c">
      <Filter>ソース ファイル</Filter>
    </ClCompile>
  </ItemGroup>
  <ItemGroup>
    <ClInclude Include="include\libpsd.h">
      <Filter>ヘッダー ファイル</Filter>
    </ClInclude>
    <ClInclude Include="src\psd_bitmap.h">
      <Filter>ヘッダー ファイル</Filter>
    </ClInclude>
    <ClInclude Include="src\psd_blend.h">
      <Filter>ヘッダー ファイル</Filter>
    </ClInclude>
    <ClInclude Include="include\psd_color.h">
      <Filter>ヘッダー ファイル</Filter>
    </ClInclude>
    <ClInclude Include="include\psd_config.h">
      <Filter>ヘッダー ファイル</Filter>
    </ClInclude>
    <ClInclude Include="src\psd_descriptor.h">
      <Filter>ヘッダー ファイル</Filter>
    </ClInclude>
    <ClInclude Include="src\psd_fixed.h">
      <Filter>ヘッダー ファイル</Filter>
    </ClInclude>
    <ClInclude Include="src\psd_gradient.h">
      <Filter>ヘッダー ファイル</Filter>
    </ClInclude>
    <ClInclude Include="src\psd_math.h">
      <Filter>ヘッダー ファイル</Filter>
    </ClInclude>
    <ClInclude Include="src\psd_rect.h">
      <Filter>ヘッダー ファイル</Filter>
    </ClInclude>
    <ClInclude Include="src\psd_stream.h">
      <Filter>ヘッダー ファイル</Filter>
    </ClInclude>
    <ClInclude Include="src\psd_system.h">
      <Filter>ヘッダー ファイル</Filter>
    </ClInclude>
    <ClInclude Include="include\psd_types.h">
      <Filter>ヘッダー ファイル</Filter>
    </ClInclude>
  </ItemGroup>
</Project>